
Microsoft Visual Studio Solution File, Format Version 12.00
# Visual Studio Version 17
VisualStudioVersion = 17.14.36414.22
MinimumVisualStudioVersion = 10.0.40219.1
Project("{2150E333-8FDC-42A3-9474-1A3956D46DE8}") = "Task0", "Task0", "{02EA681E-C7D8-13C7-8484-4AC65E1B71E8}"
EndProject
Project("{FAE04EC0-301F-11D3-BF4B-00C04F79EFBC}") = "Tyuiu.KovalenkoMA.Sprint4.Task0.V28.Lib", "Tyuiu.KovalenkoMA.Sprint4.Task0.V28.Lib\Tyuiu.KovalenkoMA.Sprint4.Task0.V28.Lib.csproj", "{09D49670-24D2-4954-AA2B-1084D9D94290}"
EndProject
Project("{FAE04EC0-301F-11D3-BF4B-00C04F79EFBC}") = "Tyuiu.KovalenkoMA.Sprint4.Task0.V28.Test", "Tyuiu.KovalenkoMA.Sprint4.Task0.V28.Test\Tyuiu.KovalenkoMA.Sprint4.Task0.V28.Test.csproj", "{E0929656-6A31-48C7-B584-456F22FABA0A}"
EndProject
Project("{FAE04EC0-301F-11D3-BF4B-00C04F79EFBC}") = "Tyuiu.KovalenkoMA.Sprint4.Task0.V28", "Tyuiu.KovalenkoMA.Sprint4.Task0.V28\Tyuiu.KovalenkoMA.Sprint4.Task0.V28.csproj", "{1B060706-F19B-4A42-9EF0-E47A12301084}"
EndProject
Project("{2150E333-8FDC-42A3-9474-1A3956D46DE8}") = "Task1", "Task1", "{0C5E9E7F-A3EB-4B6F-9AF3-25D778D02AE4}"
EndProject
Project("{FAE04EC0-301F-11D3-BF4B-00C04F79EFBC}") = "Tyuiu.KovalenkoMA.Sprint4.Task1.V8.Lib", "Tyuiu.KovalenkoMA.Sprint4.Task1.V8.Lib\Tyuiu.KovalenkoMA.Sprint4.Task1.V8.Lib.csproj", "{F67A1CE2-AE0A-4E80-879F-7447635FEC7E}"
EndProject
Project("{FAE04EC0-301F-11D3-BF4B-00C04F79EFBC}") = "Tyuiu.KovalenkoMA.Sprint4.Task1.V8.Test", "Tyuiu.KovalenkoMA.Sprint4.Task1.V8.Test\Tyuiu.KovalenkoMA.Sprint4.Task1.V8.Test.csproj", "{5F2334B4-47B6-4D3A-BD38-B8B6724E1891}"
EndProject
Project("{FAE04EC0-301F-11D3-BF4B-00C04F79EFBC}") = "Tyuiu.KovalenkoMA.Sprint4.Task1.V8", "Tyuiu.KovalenkoMA.Sprint4.Task1.V8\Tyuiu.KovalenkoMA.Sprint4.Task1.V8.csproj", "{ECE7EB00-8C98-41A6-9F5B-280950889CAC}"
EndProject
Project("{2150E333-8FDC-42A3-9474-1A3956D46DE8}") = "Task2", "Task2", "{33C40C56-93E9-4F11-86DF-420E011C4860}"
EndProject
Project("{FAE04EC0-301F-11D3-BF4B-00C04F79EFBC}") = "Tyuiu.KovalenkoMA.Sprint4.Task2.V23.Lib", "Tyuiu.KovalenkoMA.Sprint4.Task2.V23.Lib\Tyuiu.KovalenkoMA.Sprint4.Task2.V23.Lib.csproj", "{1E2E71D6-1676-46FC-AC48-733FCB807031}"
EndProject
Project("{FAE04EC0-301F-11D3-BF4B-00C04F79EFBC}") = "Tyuiu.KovalenkoMA.Sprint4.Task2.V23", "Tyuiu.KovalenkoMA.Sprint4.Task2.V23\Tyuiu.KovalenkoMA.Sprint4.Task2.V23.csproj", "{7CDBC63B-D743-45C4-9868-783DA598D2E2}"
EndProject
Project("{FAE04EC0-301F-11D3-BF4B-00C04F79EFBC}") = "Tyuiu.KovalenkoMA.Sprint4.Task2.V23.Test", "Tyuiu.KovalenkoMA.Sprint4.Task2.V23.Test\Tyuiu.KovalenkoMA.Sprint4.Task2.V23.Test.csproj", "{2718888C-98C1-450D-8D11-04A2489430AB}"
EndProject
Project("{2150E333-8FDC-42A3-9474-1A3956D46DE8}") = "Task3", "Task3", "{E5E79CD8-1A7F-4FD6-B32F-6722B0635788}"
EndProject
Project("{FAE04EC0-301F-11D3-BF4B-00C04F79EFBC}") = "Tyuiu.KovalenkoMA.Sprint4.Task3.V16.Lib", "Tyuiu.KovalenkoMA.Sprint4.Task3.V16.Lib\Tyuiu.KovalenkoMA.Sprint4.Task3.V16.Lib.csproj", "{F0EB88CA-8292-4367-9276-A8559E144B96}"
EndProject
Project("{FAE04EC0-301F-11D3-BF4B-00C04F79EFBC}") = "Tyuiu.KovalenkoMA.Sprint4.Task3.V16.Test", "Tyuiu.KovalenkoMA.Sprint4.Task3.V16.Test\Tyuiu.KovalenkoMA.Sprint4.Task3.V16.Test.csproj", "{C3F5B4F3-E7D8-4315-B124-D4FA60B9F5C6}"
EndProject
Project("{FAE04EC0-301F-11D3-BF4B-00C04F79EFBC}") = "Tyuiu.KovalenkoMA.Sprint4.Task3.V16", "Tyuiu.KovalenkoMA.Sprint4.Task3.V16\Tyuiu.KovalenkoMA.Sprint4.Task3.V16.csproj", "{36E0AE84-3B0D-4A9F-B3CD-7B1BDA7DC49E}"
EndProject
Project("{2150E333-8FDC-42A3-9474-1A3956D46DE8}") = "Task4", "Task4", "{3E5EEA53-DFFC-4F12-81E2-156DF8078BE4}"
EndProject
Project("{FAE04EC0-301F-11D3-BF4B-00C04F79EFBC}") = "Tyuiu.KovalenkoMA.Sprint4.Task4.V20.Lib", "Tyuiu.KovalenkoMA.Sprint4.Task4.V20.Lib\Tyuiu.KovalenkoMA.Sprint4.Task4.V20.Lib.csproj", "{0CADDB11-8E8C-4FC5-9486-C11899C13560}"
EndProject
Project("{FAE04EC0-301F-11D3-BF4B-00C04F79EFBC}") = "Tyuiu.KovalenkoMA.Sprint4.Task4.V20", "Tyuiu.KovalenkoMA.Sprint4.Task4.V20\Tyuiu.KovalenkoMA.Sprint4.Task4.V20.csproj", "{D874C0C0-B3F6-47B1-AA6C-348F40AEFE99}"
EndProject
Project("{FAE04EC0-301F-11D3-BF4B-00C04F79EFBC}") = "Tyuiu.KovalenkoMA.Sprint4.Task4.V20.Test", "Tyuiu.KovalenkoMA.Sprint4.Task4.V20.Test\Tyuiu.KovalenkoMA.Sprint4.Task4.V20.Test.csproj", "{3C39E856-0353-4E4D-BADD-89B7E1198419}"
EndProject
Global
	GlobalSection(SolutionConfigurationPlatforms) = preSolution
		Debug|Any CPU = Debug|Any CPU
		Release|Any CPU = Release|Any CPU
	EndGlobalSection
	GlobalSection(ProjectConfigurationPlatforms) = postSolution
		{09D49670-24D2-4954-AA2B-1084D9D94290}.Debug|Any CPU.ActiveCfg = Debug|Any CPU
		{09D49670-24D2-4954-AA2B-1084D9D94290}.Debug|Any CPU.Build.0 = Debug|Any CPU
		{09D49670-24D2-4954-AA2B-1084D9D94290}.Release|Any CPU.ActiveCfg = Release|Any CPU
		{09D49670-24D2-4954-AA2B-1084D9D94290}.Release|Any CPU.Build.0 = Release|Any CPU
		{E0929656-6A31-48C7-B584-456F22FABA0A}.Debug|Any CPU.ActiveCfg = Debug|Any CPU
		{E0929656-6A31-48C7-B584-456F22FABA0A}.Debug|Any CPU.Build.0 = Debug|Any CPU
		{E0929656-6A31-48C7-B584-456F22FABA0A}.Release|Any CPU.ActiveCfg = Release|Any CPU
		{E0929656-6A31-48C7-B584-456F22FABA0A}.Release|Any CPU.Build.0 = Release|Any CPU
		{1B060706-F19B-4A42-9EF0-E47A12301084}.Debug|Any CPU.ActiveCfg = Debug|Any CPU
		{1B060706-F19B-4A42-9EF0-E47A12301084}.Debug|Any CPU.Build.0 = Debug|Any CPU
		{1B060706-F19B-4A42-9EF0-E47A12301084}.Release|Any CPU.ActiveCfg = Release|Any CPU
		{1B060706-F19B-4A42-9EF0-E47A12301084}.Release|Any CPU.Build.0 = Release|Any CPU
		{F67A1CE2-AE0A-4E80-879F-7447635FEC7E}.Debug|Any CPU.ActiveCfg = Debug|Any CPU
		{F67A1CE2-AE0A-4E80-879F-7447635FEC7E}.Debug|Any CPU.Build.0 = Debug|Any CPU
		{F67A1CE2-AE0A-4E80-879F-7447635FEC7E}.Release|Any CPU.ActiveCfg = Release|Any CPU
		{F67A1CE2-AE0A-4E80-879F-7447635FEC7E}.Release|Any CPU.Build.0 = Release|Any CPU
		{5F2334B4-47B6-4D3A-BD38-B8B6724E1891}.Debug|Any CPU.ActiveCfg = Debug|Any CPU
		{5F2334B4-47B6-4D3A-BD38-B8B6724E1891}.Debug|Any CPU.Build.0 = Debug|Any CPU
		{5F2334B4-47B6-4D3A-BD38-B8B6724E1891}.Release|Any CPU.ActiveCfg = Release|Any CPU
		{5F2334B4-47B6-4D3A-BD38-B8B6724E1891}.Release|Any CPU.Build.0 = Release|Any CPU
		{ECE7EB00-8C98-41A6-9F5B-280950889CAC}.Debug|Any CPU.ActiveCfg = Debug|Any CPU
		{ECE7EB00-8C98-41A6-9F5B-280950889CAC}.Debug|Any CPU.Build.0 = Debug|Any CPU
		{ECE7EB00-8C98-41A6-9F5B-280950889CAC}.Release|Any CPU.ActiveCfg = Release|Any CPU
		{ECE7EB00-8C98-41A6-9F5B-280950889CAC}.Release|Any CPU.Build.0 = Release|Any CPU
		{1E2E71D6-1676-46FC-AC48-733FCB807031}.Debug|Any CPU.ActiveCfg = Debug|Any CPU
		{1E2E71D6-1676-46FC-AC48-733FCB807031}.Debug|Any CPU.Build.0 = Debug|Any CPU
		{1E2E71D6-1676-46FC-AC48-733FCB807031}.Release|Any CPU.ActiveCfg = Release|Any CPU
		{1E2E71D6-1676-46FC-AC48-733FCB807031}.Release|Any CPU.Build.0 = Release|Any CPU
		{7CDBC63B-D743-45C4-9868-783DA598D2E2}.Debug|Any CPU.ActiveCfg = Debug|Any CPU
		{7CDBC63B-D743-45C4-9868-783DA598D2E2}.Debug|Any CPU.Build.0 = Debug|Any CPU
		{7CDBC63B-D743-45C4-9868-783DA598D2E2}.Release|Any CPU.ActiveCfg = Release|Any CPU
		{7CDBC63B-D743-45C4-9868-783DA598D2E2}.Release|Any CPU.Build.0 = Release|Any CPU
		{2718888C-98C1-450D-8D11-04A2489430AB}.Debug|Any CPU.ActiveCfg = Debug|Any CPU
		{2718888C-98C1-450D-8D11-04A2489430AB}.Debug|Any CPU.Build.0 = Debug|Any CPU
		{2718888C-98C1-450D-8D11-04A2489430AB}.Release|Any CPU.ActiveCfg = Release|Any CPU
		{2718888C-98C1-450D-8D11-04A2489430AB}.Release|Any CPU.Build.0 = Release|Any CPU
		{F0EB88CA-8292-4367-9276-A8559E144B96}.Debug|Any CPU.ActiveCfg = Debug|Any CPU
		{F0EB88CA-8292-4367-9276-A8559E144B96}.Debug|Any CPU.Build.0 = Debug|Any CPU
		{F0EB88CA-8292-4367-9276-A8559E144B96}.Release|Any CPU.ActiveCfg = Release|Any CPU
		{F0EB88CA-8292-4367-9276-A8559E144B96}.Release|Any CPU.Build.0 = Release|Any CPU
		{C3F5B4F3-E7D8-4315-B124-D4FA60B9F5C6}.Debug|Any CPU.ActiveCfg = Debug|Any CPU
		{C3F5B4F3-E7D8-4315-B124-D4FA60B9F5C6}.Debug|Any CPU.Build.0 = Debug|Any CPU
		{C3F5B4F3-E7D8-4315-B124-D4FA60B9F5C6}.Release|Any CPU.ActiveCfg = Release|Any CPU
		{C3F5B4F3-E7D8-4315-B124-D4FA60B9F5C6}.Release|Any CPU.Build.0 = Release|Any CPU
		{36E0AE84-3B0D-4A9F-B3CD-7B1BDA7DC49E}.Debug|Any CPU.ActiveCfg = Debug|Any CPU
		{36E0AE84-3B0D-4A9F-B3CD-7B1BDA7DC49E}.Debug|Any CPU.Build.0 = Debug|Any CPU
		{36E0AE84-3B0D-4A9F-B3CD-7B1BDA7DC49E}.Release|Any CPU.ActiveCfg = Release|Any CPU
		{36E0AE84-3B0D-4A9F-B3CD-7B1BDA7DC49E}.Release|Any CPU.Build.0 = Release|Any CPU
		{0CADDB11-8E8C-4FC5-9486-C11899C13560}.Debug|Any CPU.ActiveCfg = Debug|Any CPU
		{0CADDB11-8E8C-4FC5-9486-C11899C13560}.Debug|Any CPU.Build.0 = Debug|Any CPU
		{0CADDB11-8E8C-4FC5-9486-C11899C13560}.Release|Any CPU.ActiveCfg = Release|Any CPU
		{0CADDB11-8E8C-4FC5-9486-C11899C13560}.Release|Any CPU.Build.0 = Release|Any CPU
		{D874C0C0-B3F6-47B1-AA6C-348F40AEFE99}.Debug|Any CPU.ActiveCfg = Debug|Any CPU
		{D874C0C0-B3F6-47B1-AA6C-348F40AEFE99}.Debug|Any CPU.Build.0 = Debug|Any CPU
		{D874C0C0-B3F6-47B1-AA6C-348F40AEFE99}.Release|Any CPU.ActiveCfg = Release|Any CPU
		{D874C0C0-B3F6-47B1-AA6C-348F40AEFE99}.Release|Any CPU.Build.0 = Release|Any CPU
		{3C39E856-0353-4E4D-BADD-89B7E1198419}.Debug|Any CPU.ActiveCfg = Debug|Any CPU
		{3C39E856-0353-4E4D-BADD-89B7E1198419}.Debug|Any CPU.Build.0 = Debug|Any CPU
		{3C39E856-0353-4E4D-BADD-89B7E1198419}.Release|Any CPU.ActiveCfg = Release|Any CPU
		{3C39E856-0353-4E4D-BADD-89B7E1198419}.Release|Any CPU.Build.0 = Release|Any CPU
	EndGlobalSection
	GlobalSection(SolutionProperties) = preSolution
		HideSolutionNode = FALSE
	EndGlobalSection
	GlobalSection(NestedProjects) = preSolution
		{09D49670-24D2-4954-AA2B-1084D9D94290} = {02EA681E-C7D8-13C7-8484-4AC65E1B71E8}
		{E0929656-6A31-48C7-B584-456F22FABA0A} = {02EA681E-C7D8-13C7-8484-4AC65E1B71E8}
		{1B060706-F19B-4A42-9EF0-E47A12301084} = {02EA681E-C7D8-13C7-8484-4AC65E1B71E8}
		{F67A1CE2-AE0A-4E80-879F-7447635FEC7E} = {0C5E9E7F-A3EB-4B6F-9AF3-25D778D02AE4}
		{5F2334B4-47B6-4D3A-BD38-B8B6724E1891} = {0C5E9E7F-A3EB-4B6F-9AF3-25D778D02AE4}
		{ECE7EB00-8C98-41A6-9F5B-280950889CAC} = {0C5E9E7F-A3EB-4B6F-9AF3-25D778D02AE4}
		{1E2E71D6-1676-46FC-AC48-733FCB807031} = {33C40C56-93E9-4F11-86DF-420E011C4860}
		{7CDBC63B-D743-45C4-9868-783DA598D2E2} = {33C40C56-93E9-4F11-86DF-420E011C4860}
		{2718888C-98C1-450D-8D11-04A2489430AB} = {33C40C56-93E9-4F11-86DF-420E011C4860}
		{F0EB88CA-8292-4367-9276-A8559E144B96} = {E5E79CD8-1A7F-4FD6-B32F-6722B0635788}
		{C3F5B4F3-E7D8-4315-B124-D4FA60B9F5C6} = {E5E79CD8-1A7F-4FD6-B32F-6722B0635788}
		{36E0AE84-3B0D-4A9F-B3CD-7B1BDA7DC49E} = {E5E79CD8-1A7F-4FD6-B32F-6722B0635788}
		{0CADDB11-8E8C-4FC5-9486-C11899C13560} = {3E5EEA53-DFFC-4F12-81E2-156DF8078BE4}
		{D874C0C0-B3F6-47B1-AA6C-348F40AEFE99} = {3E5EEA53-DFFC-4F12-81E2-156DF8078BE4}
		{3C39E856-0353-4E4D-BADD-89B7E1198419} = {3E5EEA53-DFFC-4F12-81E2-156DF8078BE4}
	EndGlobalSection
	GlobalSection(ExtensibilityGlobals) = postSolution
		SolutionGuid = {7346DAC9-C4BC-4CED-8136-6FD20A1C2BA8}
	EndGlobalSection
EndGlobal
